
Microsoft Visual Studio Solution File, Format Version 12.00
# Visual Studio Version 17
VisualStudioVersion = 17.8.34511.84
MinimumVisualStudioVersion = 10.0.40219.1
Project("{FAE04EC0-301F-11D3-BF4B-00C04F79EFBC}") = "Presentation_Layer", "Presentation_Layer\Presentation_Layer.csproj", "{1B4CDA37-05E5-4BFA-BB3F-0908307FBDDB}"
EndProject
Project("{FAE04EC0-301F-11D3-BF4B-00C04F79EFBC}") = "Buesiness_Logic_Layer", "Buesiness_Logic_Layer\Buesiness_Logic_Layer.csproj", "{0CEC7AE7-6585-498F-B47B-A17E2423C2C0}"
EndProject
Project("{FAE04EC0-301F-11D3-BF4B-00C04F79EFBC}") = "Data_Access_Layer", "Data_Access_Layer\Data_Access_Layer.csproj", "{9CBECC04-6EBA-47CD-8189-5887F28DC544}"
EndProject
Global
	GlobalSection(SolutionConfigurationPlatforms) = preSolution
		Debug|Any CPU = Debug|Any CPU
		Release|Any CPU = Release|Any CPU
	EndGlobalSection
	GlobalSection(ProjectConfigurationPlatforms) = postSolution
		{1B4CDA37-05E5-4BFA-BB3F-0908307FBDDB}.Debug|Any CPU.ActiveCfg = Debug|Any CPU
		{1B4CDA37-05E5-4BFA-BB3F-0908307FBDDB}.Debug|Any CPU.Build.0 = Debug|Any CPU
		{1B4CDA37-05E5-4BFA-BB3F-0908307FBDDB}.Release|Any CPU.ActiveCfg = Release|Any CPU
		{1B4CDA37-05E5-4BFA-BB3F-0908307FBDDB}.Release|Any CPU.Build.0 = Release|Any CPU
		{0CEC7AE7-6585-498F-B47B-A17E2423C2C0}.Debug|Any CPU.ActiveCfg = Debug|Any CPU
		{0CEC7AE7-6585-498F-B47B-A17E2423C2C0}.Debug|Any CPU.Build.0 = Debug|Any CPU
		{0CEC7AE7-6585-498F-B47B-A17E2423C2C0}.Release|Any CPU.ActiveCfg = Release|Any CPU
		{0CEC7AE7-6585-498F-B47B-A17E2423C2C0}.Release|Any CPU.Build.0 = Release|Any CPU
		{9CBECC04-6EBA-47CD-8189-5887F28DC544}.Debug|Any CPU.ActiveCfg = Debug|Any CPU
		{9CBECC04-6EBA-47CD-8189-5887F28DC544}.Debug|Any CPU.Build.0 = Debug|Any CPU
		{9CBECC04-6EBA-47CD-8189-5887F28DC544}.Release|Any CPU.ActiveCfg = Release|Any CPU
		{9CBECC04-6EBA-47CD-8189-5887F28DC544}.Release|Any CPU.Build.0 = Release|Any CPU
	EndGlobalSection
	GlobalSection(SolutionProperties) = preSolution
		HideSolutionNode = FALSE
	EndGlobalSection
	GlobalSection(ExtensibilityGlobals) = postSolution
		SolutionGuid = {0D06EFEB-C15E-4B26-BE7B-6C1465F414B7}
	EndGlobalSection
EndGlobal
