
Microsoft Visual Studio Solution File, Format Version 12.00
# Visual Studio Version 17
VisualStudioVersion = 17.9.34701.34
MinimumVisualStudioVersion = 10.0.40219.1
Project("{FAE04EC0-301F-11D3-BF4B-00C04F79EFBC}") = "VMS", "VMS.csproj", "{73149C15-3FE8-48C7-9CC4-A21A413EF077}"
EndProject
Global
	GlobalSection(SolutionConfigurationPlatforms) = preSolution
		Debug|Any CPU = Debug|Any CPU
		Release|Any CPU = Release|Any CPU
	EndGlobalSection
	GlobalSection(ProjectConfigurationPlatforms) = postSolution
		{73149C15-3FE8-48C7-9CC4-A21A413EF077}.Debug|Any CPU.ActiveCfg = Debug|Any CPU
		{73149C15-3FE8-48C7-9CC4-A21A413EF077}.Debug|Any CPU.Build.0 = Debug|Any CPU
		{73149C15-3FE8-48C7-9CC4-A21A413EF077}.Release|Any CPU.ActiveCfg = Release|Any CPU
		{73149C15-3FE8-48C7-9CC4-A21A413EF077}.Release|Any CPU.Build.0 = Release|Any CPU
	EndGlobalSection
	GlobalSection(SolutionProperties) = preSolution
		HideSolutionNode = FALSE
	EndGlobalSection
	GlobalSection(ExtensibilityGlobals) = postSolution
		SolutionGuid = {CF96D182-2B58-4F5C-A34E-DA700144D151}
	EndGlobalSection
EndGlobal
